{
    "_meta": {
        "hash": {
            "sha256": "7170c759a0bf62fafec72413a891fce42967cc8adf408ead7bb3298544702e3d"
        },
        "pipfile-spec": 6,
        "requires": {
            "python_version": "3.6"
        },
        "sources": [
            {
                "name": "pypi",
                "url": "https://pypi.org/simple",
                "verify_ssl": true
            }
        ]
    },
    "default": {
        "django": {
            "hashes": [
                "sha256:acdcc1f61fdb0a0c82a1d3bf1879a414e7732ea894a7632af7f6d66ec7ab5bb3",
                "sha256:efbcad7ebb47daafbcead109b38a5bd519a3c3cd92c6ed0f691ff97fcdd16b45"
            ],
            "index": "pypi",
            "version": "==2.1.2"
        },
        "djangorestframework": {
            "hashes": [
                "sha256:79c6efbb2514bc50cf25906d7c0a5cfead714c7af667ff4bd110312cd380ae66",
                "sha256:a4138613b67e3a223be6c97f53b13d759c5b90d2b433bad670b8ebf95402075f"
            ],
            "index": "pypi",
            "version": "==3.9.1"
        },
        "pytz": {
            "hashes": [
                "sha256:a494d53b6d39c3c6e44c3bec237336e14305e4f29bbf800b599253057fbb79ed",
                "sha256:c35965d010ce31b23eeb663ed3cc8c906275d6be1a34393a1d73a41febf4a048"
            ],
            "version": "==2020.1"
        }
    },
    "develop": {}
}
