{
    "_meta": {
        "hash": {
            "sha256": "7170c759a0bf62fafec72413a891fce42967cc8adf408ead7bb3298544702e3d"
        },
        "pipfile-spec": 6,
        "requires": {
            "python_version": "3.6"
        },
        "sources": [
            {
                "name": "pypi",
                "url": "https://pypi.org/simple",
                "verify_ssl": true
            }
        ]
    },
    "default": {
        "django": {
            "hashes": [
                "sha256:acdcc1f61fdb0a0c82a1d3bf1879a414e7732ea894a7632af7f6d66ec7ab5bb3",
                "sha256:efbcad7ebb47daafbcead109b38a5bd519a3c3cd92c6ed0f691ff97fcdd16b45"
            ],
            "index": "pypi",
            "version": "==2.1.2"
        },
        "djangorestframework": {
            "hashes": [
                "sha256:5cc724dc4b076463497837269107e1995b1fbc917468d1b92d188fd1af9ea789",
                "sha256:a5967b68a04e0d97d10f4df228e30f5a2d82ba63b9d03e1759f84993b7bf1b53"
            ],
            "index": "pypi",
            "version": "==3.11.2"
        },
        "pytz": {
            "hashes": [
                "sha256:83a4a90894bf38e243cf052c8b58f381bfe9a7a483f6a9cab140bc7f702ac4da",
                "sha256:eb10ce3e7736052ed3623d49975ce333bcd712c7bb19a58b9e2089d4057d0798"
            ],
            "version": "==2021.1"
        }
    },
    "develop": {}
}
